
Microsoft Visual Studio Solution File, Format Version 12.00
# Visual Studio Version 17
VisualStudioVersion = 17.1.32421.90
MinimumVisualStudioVersion = 10.0.40219.1
Project("{FAE04EC0-301F-11D3-BF4B-00C04F79EFBC}") = "POO RPG", "POO RPG\POO RPG.csproj", "{F2CCA5E0-3ACF-4986-8A46-1E3F56453D1F}"
EndProject
Global
	GlobalSection(SolutionConfigurationPlatforms) = preSolution
		Debug|Any CPU = Debug|Any CPU
		Release|Any CPU = Release|Any CPU
	EndGlobalSection
	GlobalSection(ProjectConfigurationPlatforms) = postSolution
		{F2CCA5E0-3ACF-4986-8A46-1E3F56453D1F}.Debug|Any CPU.ActiveCfg = Debug|Any CPU
		{F2CCA5E0-3ACF-4986-8A46-1E3F56453D1F}.Debug|Any CPU.Build.0 = Debug|Any CPU
		{F2CCA5E0-3ACF-4986-8A46-1E3F56453D1F}.Release|Any CPU.ActiveCfg = Release|Any CPU
		{F2CCA5E0-3ACF-4986-8A46-1E3F56453D1F}.Release|Any CPU.Build.0 = Release|Any CPU
	EndGlobalSection
	GlobalSection(SolutionProperties) = preSolution
		HideSolutionNode = FALSE
	EndGlobalSection
	GlobalSection(ExtensibilityGlobals) = postSolution
		SolutionGuid = {993400C4-58A8-4897-899D-8DE0298292E1}
	EndGlobalSection
EndGlobal
